
Microsoft Visual Studio Solution File, Format Version 12.00
# Visual Studio Version 16
VisualStudioVersion = 16.0.31911.196
MinimumVisualStudioVersion = 10.0.40219.1
Project("{FAE04EC0-301F-11D3-BF4B-00C04F79EFBC}") = "3D-Graphics", "3D-Graphics\3D-Graphics.csproj", "{134E93B7-6585-4D85-9B04-6092803C2ACE}"
EndProject
Global
	GlobalSection(SolutionConfigurationPlatforms) = preSolution
		Debug|Any CPU = Debug|Any CPU
		Release|Any CPU = Release|Any CPU
	EndGlobalSection
	GlobalSection(ProjectConfigurationPlatforms) = postSolution
		{134E93B7-6585-4D85-9B04-6092803C2ACE}.Debug|Any CPU.ActiveCfg = Debug|Any CPU
		{134E93B7-6585-4D85-9B04-6092803C2ACE}.Debug|Any CPU.Build.0 = Debug|Any CPU
		{134E93B7-6585-4D85-9B04-6092803C2ACE}.Release|Any CPU.ActiveCfg = Release|Any CPU
		{134E93B7-6585-4D85-9B04-6092803C2ACE}.Release|Any CPU.Build.0 = Release|Any CPU
	EndGlobalSection
	GlobalSection(SolutionProperties) = preSolution
		HideSolutionNode = FALSE
	EndGlobalSection
	GlobalSection(ExtensibilityGlobals) = postSolution
		SolutionGuid = {E463061E-0411-4039-A287-5DDA491A1BBB}
	EndGlobalSection
EndGlobal
